
Microsoft Visual Studio Solution File, Format Version 12.00
# Visual Studio Version 16
VisualStudioVersion = 25.0.1706.5
MinimumVisualStudioVersion = 10.0.40219.1
Project("{FAE04EC0-301F-11D3-BF4B-00C04F79EFBC}") = "KDZ2BABUSHKIN", "KDZ2BABUSHKIN\KDZ2BABUSHKIN.csproj", "{F3F475E5-FEEE-4B89-8289-87A55CDA3832}"
EndProject
Project("{FAE04EC0-301F-11D3-BF4B-00C04F79EFBC}") = "CSVLib", "CSVLibrary\CSVLib.csproj", "{59C4847A-E330-4A55-8DC7-99C5E1B578B0}"
EndProject
Global
	GlobalSection(SolutionConfigurationPlatforms) = preSolution
		Debug|Any CPU = Debug|Any CPU
		Release|Any CPU = Release|Any CPU
	EndGlobalSection
	GlobalSection(ProjectConfigurationPlatforms) = postSolution
		{F3F475E5-FEEE-4B89-8289-87A55CDA3832}.Debug|Any CPU.ActiveCfg = Debug|Any CPU
		{F3F475E5-FEEE-4B89-8289-87A55CDA3832}.Debug|Any CPU.Build.0 = Debug|Any CPU
		{F3F475E5-FEEE-4B89-8289-87A55CDA3832}.Release|Any CPU.ActiveCfg = Release|Any CPU
		{F3F475E5-FEEE-4B89-8289-87A55CDA3832}.Release|Any CPU.Build.0 = Release|Any CPU
		{59C4847A-E330-4A55-8DC7-99C5E1B578B0}.Debug|Any CPU.ActiveCfg = Debug|Any CPU
		{59C4847A-E330-4A55-8DC7-99C5E1B578B0}.Debug|Any CPU.Build.0 = Debug|Any CPU
		{59C4847A-E330-4A55-8DC7-99C5E1B578B0}.Release|Any CPU.ActiveCfg = Release|Any CPU
		{59C4847A-E330-4A55-8DC7-99C5E1B578B0}.Release|Any CPU.Build.0 = Release|Any CPU
	EndGlobalSection
	GlobalSection(SolutionProperties) = preSolution
		HideSolutionNode = FALSE
	EndGlobalSection
	GlobalSection(ExtensibilityGlobals) = postSolution
		SolutionGuid = {C162ED48-E7A3-4959-9510-EA10287DF77B}
	EndGlobalSection
EndGlobal
